
Microsoft Visual Studio Solution File, Format Version 12.00
# Visual Studio Version 17
VisualStudioVersion = 17.6.33723.286
MinimumVisualStudioVersion = 10.0.40219.1
Project("{9A19103F-16F7-4668-BE54-9A1E7A4F7556}") = "NAFSupport.Client", "NAFSupport.Client\NAFSupport.Client.csproj", "{5EC050CF-C2CE-4D7A-A019-B6C413841523}"
EndProject
Project("{9A19103F-16F7-4668-BE54-9A1E7A4F7556}") = "NAFSupport.Server", "NAFSupport.Server\NAFSupport.Server.csproj", "{D75FC416-4E6F-4591-8A19-43724547B887}"
EndProject
Project("{9A19103F-16F7-4668-BE54-9A1E7A4F7556}") = "NAFSupport.Shared", "NAFSupport.Shared\NAFSupport.Shared.csproj", "{76D4BF8A-DE2E-4A45-917D-E4770127E1EE}"
EndProject
Global
	GlobalSection(SolutionConfigurationPlatforms) = preSolution
		Debug|Any CPU = Debug|Any CPU
		Release|Any CPU = Release|Any CPU
	EndGlobalSection
	GlobalSection(ProjectConfigurationPlatforms) = postSolution
		{5EC050CF-C2CE-4D7A-A019-B6C413841523}.Debug|Any CPU.ActiveCfg = Debug|Any CPU
		{5EC050CF-C2CE-4D7A-A019-B6C413841523}.Debug|Any CPU.Build.0 = Debug|Any CPU
		{5EC050CF-C2CE-4D7A-A019-B6C413841523}.Release|Any CPU.ActiveCfg = Release|Any CPU
		{5EC050CF-C2CE-4D7A-A019-B6C413841523}.Release|Any CPU.Build.0 = Release|Any CPU
		{D75FC416-4E6F-4591-8A19-43724547B887}.Debug|Any CPU.ActiveCfg = Debug|Any CPU
		{D75FC416-4E6F-4591-8A19-43724547B887}.Debug|Any CPU.Build.0 = Debug|Any CPU
		{D75FC416-4E6F-4591-8A19-43724547B887}.Release|Any CPU.ActiveCfg = Release|Any CPU
		{D75FC416-4E6F-4591-8A19-43724547B887}.Release|Any CPU.Build.0 = Release|Any CPU
		{76D4BF8A-DE2E-4A45-917D-E4770127E1EE}.Debug|Any CPU.ActiveCfg = Debug|Any CPU
		{76D4BF8A-DE2E-4A45-917D-E4770127E1EE}.Debug|Any CPU.Build.0 = Debug|Any CPU
		{76D4BF8A-DE2E-4A45-917D-E4770127E1EE}.Release|Any CPU.ActiveCfg = Release|Any CPU
		{76D4BF8A-DE2E-4A45-917D-E4770127E1EE}.Release|Any CPU.Build.0 = Release|Any CPU
	EndGlobalSection
	GlobalSection(SolutionProperties) = preSolution
		HideSolutionNode = FALSE
	EndGlobalSection
	GlobalSection(ExtensibilityGlobals) = postSolution
		SolutionGuid = {259F0399-1AC9-4CE4-8CDC-97AF9BFFBFF1}
	EndGlobalSection
EndGlobal
